
Microsoft Visual Studio Solution File, Format Version 12.00
# Visual Studio 2012
Project("{FAE04EC0-301F-11D3-BF4B-00C04F79EFBC}") = "PA.Utilities", "PA.Utilities\PA.Utilities.csproj", "{F2C9256B-A6C1-4FAF-8DF0-3A15092F50B7}"
EndProject
Project("{2150E333-8FDC-42A3-9474-1A3956D46DE8}") = ".nuget", ".nuget", "{FE201DE0-3835-49B6-AAFE-CA820E0FD1DA}"
	ProjectSection(SolutionItems) = preProject
		.nuget\NuGet.Config = .nuget\NuGet.Config
		.nuget\NuGet.targets = .nuget\NuGet.targets
	EndProjectSection
EndProject
Project("{2150E333-8FDC-42A3-9474-1A3956D46DE8}") = "Continuous Integration", "Continuous Integration", "{1223E8AA-EF72-43FE-B1CF-DBD7A9CD196B}"
	ProjectSection(SolutionItems) = preProject
		appveyor.yml = appveyor.yml
		GitVersion.yml = GitVersion.yml
	EndProjectSection
EndProject
Project("{2150E333-8FDC-42A3-9474-1A3956D46DE8}") = "Solution Items", "Solution Items", "{6C7B056E-F1F3-4ABD-818A-D405A3DEF8BB}"
	ProjectSection(SolutionItems) = preProject
		common\GlobalAssemblyInfo.cs = common\GlobalAssemblyInfo.cs
	EndProjectSection
EndProject
Global
	GlobalSection(SolutionConfigurationPlatforms) = preSolution
		Debug|Any CPU = Debug|Any CPU
		Release|Any CPU = Release|Any CPU
	EndGlobalSection
	GlobalSection(ProjectConfigurationPlatforms) = postSolution
		{F2C9256B-A6C1-4FAF-8DF0-3A15092F50B7}.Debug|Any CPU.ActiveCfg = Debug|Any CPU
		{F2C9256B-A6C1-4FAF-8DF0-3A15092F50B7}.Debug|Any CPU.Build.0 = Debug|Any CPU
		{F2C9256B-A6C1-4FAF-8DF0-3A15092F50B7}.Release|Any CPU.ActiveCfg = Release|Any CPU
		{F2C9256B-A6C1-4FAF-8DF0-3A15092F50B7}.Release|Any CPU.Build.0 = Release|Any CPU
	EndGlobalSection
	GlobalSection(MonoDevelopProperties) = preSolution
		Policies = $0
		$0.DotNetNamingPolicy = $1
		$1.DirectoryNamespaceAssociation = Flat
		$1.ResourceNamePolicy = FileName
		version = 5
	EndGlobalSection
EndGlobal
